Microsoft Visual Studio Solution File, Format Version 12.00
# Visual Studio Version 17
VisualStudioVersion = 17.5.2.0
MinimumVisualStudioVersion = 10.0.40219.1
Project("{FAE04EC0-301F-11D3-BF4B-00C04F79EFBC}") = "projetodotnnett", "projetodotnnett.csproj", "{B8BA7489-C517-17E0-A607-DA27154A9166}"
EndProject
Global
	GlobalSection(SolutionConfigurationPlatforms) = preSolution
		Debug|Any CPU = Debug|Any CPU
		Release|Any CPU = Release|Any CPU
	EndGlobalSection
	GlobalSection(ProjectConfigurationPlatforms) = postSolution
		{B8BA7489-C517-17E0-A607-DA27154A9166}.Debug|Any CPU.ActiveCfg = Debug|Any CPU
		{B8BA7489-C517-17E0-A607-DA27154A9166}.Debug|Any CPU.Build.0 = Debug|Any CPU
		{B8BA7489-C517-17E0-A607-DA27154A9166}.Release|Any CPU.ActiveCfg = Release|Any CPU
		{B8BA7489-C517-17E0-A607-DA27154A9166}.Release|Any CPU.Build.0 = Release|Any CPU
	EndGlobalSection
	GlobalSection(SolutionProperties) = preSolution
		HideSolutionNode = FALSE
	EndGlobalSection
	GlobalSection(ExtensibilityGlobals) = postSolution
		SolutionGuid = {2DE309ED-7135-4E75-86FD-3EBE6F3A64D7}
	EndGlobalSection
EndGlobal
